
Microsoft Visual Studio Solution File, Format Version 12.00
# Visual Studio Version 16
VisualStudioVersion = 16.0.29509.3
MinimumVisualStudioVersion = 10.0.40219.1
Project("{9A19103F-16F7-4668-BE54-9A1E7A4F7556}") = "ForecastApp", "ForecastApp.csproj", "{E1669081-250A-40FA-A08A-D502A9C97810}"
EndProject
Global
	GlobalSection(SolutionConfigurationPlatforms) = preSolution
		Debug|Any CPU = Debug|Any CPU
		Release|Any CPU = Release|Any CPU
	EndGlobalSection
	GlobalSection(ProjectConfigurationPlatforms) = postSolution
		{E1669081-250A-40FA-A08A-D502A9C97810}.Debug|Any CPU.ActiveCfg = Debug|Any CPU
		{E1669081-250A-40FA-A08A-D502A9C97810}.Debug|Any CPU.Build.0 = Debug|Any CPU
		{E1669081-250A-40FA-A08A-D502A9C97810}.Release|Any CPU.ActiveCfg = Release|Any CPU
		{E1669081-250A-40FA-A08A-D502A9C97810}.Release|Any CPU.Build.0 = Release|Any CPU
	EndGlobalSection
	GlobalSection(SolutionProperties) = preSolution
		HideSolutionNode = FALSE
	EndGlobalSection
	GlobalSection(ExtensibilityGlobals) = postSolution
		SolutionGuid = {F92C58B1-B28C-4508-AAA7-7D5B5E9768DB}
	EndGlobalSection
EndGlobal
